
Microsoft Visual Studio Solution File, Format Version 12.00
# Visual Studio Version 16
VisualStudioVersion = 25.0.1704.3
MinimumVisualStudioVersion = 10.0.40219.1
Project("{FAE04EC0-301F-11D3-BF4B-00C04F79EFBC}") = "IterationStatement", "IterationStatement\IterationStatement.csproj", "{C172F3FF-D23D-4916-8209-78D339A83D2F}"
EndProject
Global
	GlobalSection(SolutionConfigurationPlatforms) = preSolution
		Debug|Any CPU = Debug|Any CPU
		Release|Any CPU = Release|Any CPU
	EndGlobalSection
	GlobalSection(ProjectConfigurationPlatforms) = postSolution
		{C172F3FF-D23D-4916-8209-78D339A83D2F}.Debug|Any CPU.ActiveCfg = Debug|Any CPU
		{C172F3FF-D23D-4916-8209-78D339A83D2F}.Debug|Any CPU.Build.0 = Debug|Any CPU
		{C172F3FF-D23D-4916-8209-78D339A83D2F}.Release|Any CPU.ActiveCfg = Release|Any CPU
		{C172F3FF-D23D-4916-8209-78D339A83D2F}.Release|Any CPU.Build.0 = Release|Any CPU
	EndGlobalSection
	GlobalSection(SolutionProperties) = preSolution
		HideSolutionNode = FALSE
	EndGlobalSection
	GlobalSection(ExtensibilityGlobals) = postSolution
		SolutionGuid = {DAA5A064-C53E-42D3-9810-AB5EBBC2DF2D}
	EndGlobalSection
EndGlobal
